// !$*UTF8*$!
{
	archiveVersion = 1;
	classes = {
	};
	objectVersion = 55;
	objects = {

/* Begin PBXBuildFile section */
		B6508DB728C5F58C008A221B /* AppDelegate.swift in Sources */ = {isa = PBXBuildFile; fileRef = B6508DB628C5F58C008A221B /* AppDelegate.swift */; };
		B6508DB928C5F58C008A221B /* SceneDelegate.swift in Sources */ = {isa = PBXBuildFile; fileRef = B6508DB828C5F58C008A221B /* SceneDelegate.swift */; };
		B6508DBB28C5F58C008A221B /* MainViewController.swift in Sources */ = {isa = PBXBuildFile; fileRef = B6508DBA28C5F58C008A221B /* MainViewController.swift */; };
		B6508DBE28C5F58C008A221B /* Main.storyboard in Resources */ = {isa = PBXBuildFile; fileRef = B6508DBC28C5F58C008A221B /* Main.storyboard */; };
		B6508DC028C5F58D008A221B /* Assets.xcassets in Resources */ = {isa = PBXBuildFile; fileRef = B6508DBF28C5F58D008A221B /* Assets.xcassets */; };
		B6508DC328C5F58D008A221B /* LaunchScreen.storyboard in Resources */ = {isa = PBXBuildFile; fileRef = B6508DC128C5F58D008A221B /* LaunchScreen.storyboard */; };
		B6508DCB28C5FE72008A221B /* GenerateViewController.swift in Sources */ = {isa = PBXBuildFile; fileRef = B6508DCA28C5FE72008A221B /* GenerateViewController.swift */; };
		B6508DCE28C623B5008A221B /* PokemonManager.swift in Sources */ = {isa = PBXBuildFile; fileRef = B6508DCD28C623B5008A221B /* PokemonManager.swift */; };
		B6DB8DBC28C8E92C00090AC0 /* RoundButton.swift in Sources */ = {isa = PBXBuildFile; fileRef = B6DB8DBB28C8E92C00090AC0 /* RoundButton.swift */; };
/* End PBXBuildFile section */

/* Begin PBXFileReference section */
		B6508DB328C5F58C008A221B /* Pokemon Generator.app */ = {isa = PBXFileReference; explicitFileType = wrapper.application; includeInIndex = 0; path = "Pokemon Generator.app"; sourceTree = BUILT_PRODUCTS_DIR; };
		B6508DB628C5F58C008A221B /* AppDelegate.swift */ = {isa = PBXFileReference; lastKnownFileType = sourcecode.swift; path = AppDelegate.swift; sourceTree = "<group>"; };
		B6508DB828C5F58C008A221B /* SceneDelegate.swift */ = {isa = PBXFileReference; lastKnownFileType = sourcecode.swift; path = SceneDelegate.swift; sourceTree = "<group>"; };
		B6508DBA28C5F58C008A221B /* MainViewController.swift */ = {isa = PBXFileReference; lastKnownFileType = sourcecode.swift; path = MainViewController.swift; sourceTree = "<group>"; };
		B6508DBD28C5F58C008A221B /* Base */ = {isa = PBXFileReference; lastKnownFileType = file.storyboard; name = Base; path = Base.lproj/Main.storyboard; sourceTree = "<group>"; };
		B6508DBF28C5F58D008A221B /* Assets.xcassets */ = {isa = PBXFileReference; lastKnownFileType = folder.assetcatalog; path = Assets.xcassets; sourceTree = "<group>"; };
		B6508DC228C5F58D008A221B /* Base */ = {isa = PBXFileReference; lastKnownFileType = file.storyboard; name = Base; path = Base.lproj/LaunchScreen.storyboard; sourceTree = "<group>"; };
		B6508DC428C5F58D008A221B /* Info.plist */ = {isa = PBXFileReference; lastKnownFileType = text.plist.xml; path = Info.plist; sourceTree = "<group>"; };
		B6508DCA28C5FE72008A221B /* GenerateViewController.swift */ = {isa = PBXFileReference; lastKnownFileType = sourcecode.swift; path = GenerateViewController.swift; sourceTree = "<group>"; };
		B6508DCD28C623B5008A221B /* PokemonManager.swift */ = {isa = PBXFileReference; lastKnownFileType = sourcecode.swift; path = PokemonManager.swift; sourceTree = "<group>"; };
		B6DB8DBB28C8E92C00090AC0 /* RoundButton.swift */ = {isa = PBXFileReference; lastKnownFileType = sourcecode.swift; path = RoundButton.swift; sourceTree = "<group>"; };
/* End PBXFileReference section */

/* Begin PBXFrameworksBuildPhase section */
		B6508DB028C5F58C008A221B /* Frameworks */ = {
			isa = PBXFrameworksBuildPhase;
			buildActionMask = 2147483647;
			files = (
			);
			runOnlyForDeploymentPostprocessing = 0;
		};
/* End PBXFrameworksBuildPhase section */

/* Begin PBXGroup section */
		B6508DAA28C5F58C008A221B = {
			isa = PBXGroup;
			children = (
				B6508DB528C5F58C008A221B /* Pokemon Generator */,
				B6508DB428C5F58C008A221B /* Products */,
			);
			sourceTree = "<group>";
		};
		B6508DB428C5F58C008A221B /* Products */ = {
			isa = PBXGroup;
			children = (
				B6508DB328C5F58C008A221B /* Pokemon Generator.app */,
			);
			name = Products;
			sourceTree = "<group>";
		};
		B6508DB528C5F58C008A221B /* Pokemon Generator */ = {
			isa = PBXGroup;
			children = (
				B6508DB628C5F58C008A221B /* AppDelegate.swift */,
				B6508DB828C5F58C008A221B /* SceneDelegate.swift */,
				B6508DCF28C623CD008A221B /* Model */,
				B6C2280128C7CF0B00C91CFA /* View */,
				B6508DCC28C62391008A221B /* Controller */,
				B6508DBF28C5F58D008A221B /* Assets.xcassets */,
				B6508DC128C5F58D008A221B /* LaunchScreen.storyboard */,
				B6508DC428C5F58D008A221B /* Info.plist */,
			);
			path = "Pokemon Generator";
			sourceTree = "<group>";
		};
		B6508DCC28C62391008A221B /* Controller */ = {
			isa = PBXGroup;
			children = (
				B6508DBA28C5F58C008A221B /* MainViewController.swift */,
				B6508DCA28C5FE72008A221B /* GenerateViewController.swift */,
			);
			path = Controller;
			sourceTree = "<group>";
		};
		B6508DCF28C623CD008A221B /* Model */ = {
			isa = PBXGroup;
			children = (
				B6508DCD28C623B5008A221B /* PokemonManager.swift */,
				B6DB8DBB28C8E92C00090AC0 /* RoundButton.swift */,
			);
			path = Model;
			sourceTree = "<group>";
		};
		B6C2280128C7CF0B00C91CFA /* View */ = {
			isa = PBXGroup;
			children = (
				B6508DBC28C5F58C008A221B /* Main.storyboard */,
			);
			path = View;
			sourceTree = "<group>";
		};
/* End PBXGroup section */

/* Begin PBXNativeTarget section */
		B6508DB228C5F58C008A221B /* Pokemon Generator */ = {
			isa = PBXNativeTarget;
			buildConfigurationList = B6508DC728C5F58D008A221B /* Build configuration list for PBXNativeTarget "Pokemon Generator" */;
			buildPhases = (
				B6508DAF28C5F58C008A221B /* Sources */,
				B6508DB028C5F58C008A221B /* Frameworks */,
				B6508DB128C5F58C008A221B /* Resources */,
			);
			buildRules = (
			);
			dependencies = (
			);
			name = "Pokemon Generator";
			productName = "Pokemon Generator";
			productReference = B6508DB328C5F58C008A221B /* Pokemon Generator.app */;
			productType = "com.apple.product-type.application";
		};
/* End PBXNativeTarget section */

/* Begin PBXProject section */
		B6508DAB28C5F58C008A221B /* Project object */ = {
			isa = PBXProject;
			attributes = {
				BuildIndependentTargetsInParallel = 1;
				LastSwiftUpdateCheck = 1340;
				LastUpgradeCheck = 1340;
				TargetAttributes = {
					B6508DB228C5F58C008A221B = {
						CreatedOnToolsVersion = 13.4.1;
					};
				};
			};
			buildConfigurationList = B6508DAE28C5F58C008A221B /* Build configuration list for PBXProject "Pokemon Generator" */;
			compatibilityVersion = "Xcode 13.0";
			developmentRegion = en;
			hasScannedForEncodings = 0;
			knownRegions = (
				en,
				Base,
			);
			mainGroup = B6508DAA28C5F58C008A221B;
			productRefGroup = B6508DB428C5F58C008A221B /* Products */;
			projectDirPath = "";
			projectRoot = "";
			targets = (
				B6508DB228C5F58C008A221B /* Pokemon Generator */,
			);
		};
/* End PBXProject section */

/* Begin PBXResourcesBuildPhase section */
		B6508DB128C5F58C008A221B /* Resources */ = {
			isa = PBXResourcesBuildPhase;
			buildActionMask = 2147483647;
			files = (
				B6508DC328C5F58D008A221B /* LaunchScreen.storyboard in Resources */,
				B6508DC028C5F58D008A221B /* Assets.xcassets in Resources */,
				B6508DBE28C5F58C008A221B /* Main.storyboard in Resources */,
			);
			runOnlyForDeploymentPostprocessing = 0;
		};
/* End PBXResourcesBuildPhase section */

/* Begin PBXSourcesBuildPhase section */
		B6508DAF28C5F58C008A221B /* Sources */ = {
			isa = PBXSourcesBuildPhase;
			buildActionMask = 2147483647;
			files = (
				B6DB8DBC28C8E92C00090AC0 /* RoundButton.swift in Sources */,
				B6508DBB28C5F58C008A221B /* MainViewController.swift in Sources */,
				B6508DCB28C5FE72008A221B /* GenerateViewController.swift in Sources */,
				B6508DCE28C623B5008A221B /* PokemonManager.swift in Sources */,
				B6508DB728C5F58C008A221B /* AppDelegate.swift in Sources */,
				B6508DB928C5F58C008A221B /* SceneDelegate.swift in Sources */,
			);
			runOnlyForDeploymentPostprocessing = 0;
		};
/* End PBXSourcesBuildPhase section */

/* Begin PBXVariantGroup section */
		B6508DBC28C5F58C008A221B /* Main.storyboard */ = {
			isa = PBXVariantGroup;
			children = (
				B6508DBD28C5F58C008A221B /* Base */,
			);
			name = Main.storyboard;
			sourceTree = "<group>";
		};
		B6508DC128C5F58D008A221B /* LaunchScreen.storyboard */ = {
			isa = PBXVariantGroup;
			children = (
				B6508DC228C5F58D008A221B /* Base */,
			);
			name = LaunchScreen.storyboard;
			sourceTree = "<group>";
		};
/* End PBXVariantGroup section */

/* Begin XCBuildConfiguration section */
		B6508DC528C5F58D008A221B /* Debug */ = {
			isa = XCBuildConfiguration;
			buildSettings = {
				ALWAYS_SEARCH_USER_PATHS = NO;
				CLANG_ANALYZER_NONNULL = YES;
				CLANG_ANALYZER_NUMBER_OBJECT_CONVERSION = YES_AGGRESSIVE;
				CLANG_CXX_LANGUAGE_STANDARD = "gnu++17";
				CLANG_ENABLE_MODULES = YES;
				CLANG_ENABLE_OBJC_ARC = YES;
				CLANG_ENABLE_OBJC_WEAK = YES;
				CLANG_WARN_BLOCK_CAPTURE_AUTORELEASING = YES;
				CLANG_WARN_BOOL_CONVERSION = YES;
				CLANG_WARN_COMMA = YES;
				CLANG_WARN_CONSTANT_CONVERSION = YES;
				CLANG_WARN_DEPRECATED_OBJC_IMPLEMENTATIONS = YES;
				CLANG_WARN_DIRECT_OBJC_ISA_USAGE = YES_ERROR;
				CLANG_WARN_DOCUMENTATION_COMMENTS = YES;
				CLANG_WARN_EMPTY_BODY = YES;
				CLANG_WARN_ENUM_CONVERSION = YES;
				CLANG_WARN_INFINITE_RECURSION = YES;
				CLANG_WARN_INT_CONVERSION = YES;
				CLANG_WARN_NON_LITERAL_NULL_CONVERSION = YES;
				CLANG_WARN_OBJC_IMPLICIT_RETAIN_SELF = YES;
				CLANG_WARN_OBJC_LITERAL_CONVERSION = YES;
				CLANG_WARN_OBJC_ROOT_CLASS = YES_ERROR;
				CLANG_WARN_QUOTED_INCLUDE_IN_FRAMEWORK_HEADER = YES;
				CLANG_WARN_RANGE_LOOP_ANALYSIS = YES;
				CLANG_WARN_STRICT_PROTOTYPES = YES;
				CLANG_WARN_SUSPICIOUS_MOVE = YES;
				CLANG_WARN_UNGUARDED_AVAILABILITY = YES_AGGRESSIVE;
				CLANG_WARN_UNREACHABLE_CODE = YES;
				CLANG_WARN__DUPLICATE_METHOD_MATCH = YES;
				COPY_PHASE_STRIP = NO;
				DEBUG_INFORMATION_FORMAT = dwarf;
				ENABLE_STRICT_OBJC_MSGSEND = YES;
				ENABLE_TESTABILITY = YES;
				GCC_C_LANGUAGE_STANDARD = gnu11;
				GCC_DYNAMIC_NO_PIC = NO;
				GCC_NO_COMMON_BLOCKS = YES;
				GCC_OPTIMIZATION_LEVEL = 0;
				GCC_PREPROCESSOR_DEFINITIONS = (
					"DEBUG=1",
					"$(inherited)",
				);
				GCC_WARN_64_TO_32_BIT_CONVERSION = YES;
				GCC_WARN_ABOUT_RETURN_TYPE = YES_ERROR;
				GCC_WARN_UNDECLARED_SELECTOR = YES;
				GCC_WARN_UNINITIALIZED_AUTOS = YES_AGGRESSIVE;
				GCC_WARN_UNUSED_FUNCTION = YES;
				GCC_WARN_UNUSED_VARIABLE = YES;
				IPHONEOS_DEPLOYMENT_TARGET = 15.5;
				MTL_ENABLE_DEBUG_INFO = INCLUDE_SOURCE;
				MTL_FAST_MATH = YES;
				ONLY_ACTIVE_ARCH = YES;
				SDKROOT = iphoneos;
				SWIFT_ACTIVE_COMPILATION_CONDITIONS = DEBUG;
				SWIFT_OPTIMIZATION_LEVEL = "-Onone";
			};
			name = Debug;
		};
		B6508DC628C5F58D008A221B /* Release */ = {
			isa = XCBuildConfiguration;
			buildSettings = {
				ALWAYS_SEARCH_USER_PATHS = NO;
				CLANG_ANALYZER_NONNULL = YES;
				CLANG_ANALYZER_NUMBER_OBJECT_CONVERSION = YES_AGGRESSIVE;
				CLANG_CXX_LANGUAGE_STANDARD = "gnu++17";
				CLANG_ENABLE_MODULES = YES;
				CLANG_ENABLE_OBJC_ARC = YES;
				CLANG_ENABLE_OBJC_WEAK = YES;
				CLANG_WARN_BLOCK_CAPTURE_AUTORELEASING = YES;
				CLANG_WARN_BOOL_CONVERSION = YES;
				CLANG_WARN_COMMA = YES;
				CLANG_WARN_CONSTANT_CONVERSION = YES;
				CLANG_WARN_DEPRECATED_OBJC_IMPLEMENTATIONS = YES;
				CLANG_WARN_DIRECT_OBJC_ISA_USAGE = YES_ERROR;
				CLANG_WARN_DOCUMENTATION_COMMENTS = YES;
				CLANG_WARN_EMPTY_BODY = YES;
				CLANG_WARN_ENUM_CONVERSION = YES;
				CLANG_WARN_INFINITE_RECURSION = YES;
				CLANG_WARN_INT_CONVERSION = YES;
				CLANG_WARN_NON_LITERAL_NULL_CONVERSION = YES;
				CLANG_WARN_OBJC_IMPLICIT_RETAIN_SELF = YES;
				CLANG_WARN_OBJC_LITERAL_CONVERSION = YES;
				CLANG_WARN_OBJC_ROOT_CLASS = YES_ERROR;
				CLANG_WARN_QUOTED_INCLUDE_IN_FRAMEWORK_HEADER = YES;
				CLANG_WARN_RANGE_LOOP_ANALYSIS = YES;
				CLANG_WARN_STRICT_PROTOTYPES = YES;
				CLANG_WARN_SUSPICIOUS_MOVE = YES;
				CLANG_WARN_UNGUARDED_AVAILABILITY = YES_AGGRESSIVE;
				CLANG_WARN_UNREACHABLE_CODE = YES;
				CLANG_WARN__DUPLICATE_METHOD_MATCH = YES;
				COPY_PHASE_STRIP = NO;
				DEBUG_INFORMATION_FORMAT = "dwarf-with-dsym";
				ENABLE_NS_ASSERTIONS = NO;
				ENABLE_STRICT_OBJC_MSGSEND = YES;
				GCC_C_LANGUAGE_STANDARD = gnu11;
				GCC_NO_COMMON_BLOCKS = YES;
				GCC_WARN_64_TO_32_BIT_CONVERSION = YES;
				GCC_WARN_ABOUT_RETURN_TYPE = YES_ERROR;
				GCC_WARN_UNDECLARED_SELECTOR = YES;
				GCC_WARN_UNINITIALIZED_AUTOS = YES_AGGRESSIVE;
				GCC_WARN_UNUSED_FUNCTION = YES;
				GCC_WARN_UNUSED_VARIABLE = YES;
				IPHONEOS_DEPLOYMENT_TARGET = 15.5;
				MTL_ENABLE_DEBUG_INFO = NO;
				MTL_FAST_MATH = YES;
				SDKROOT = iphoneos;
				SWIFT_COMPILATION_MODE = wholemodule;
				SWIFT_OPTIMIZATION_LEVEL = "-O";
				VALIDATE_PRODUCT = YES;
			};
			name = Release;
		};
		B6508DC828C5F58D008A221B /* Debug */ = {
			isa = XCBuildConfiguration;
			buildSettings = {
				ASSETCATALOG_COMPILER_APPICON_NAME = AppIcon;
				ASSETCATALOG_COMPILER_GLOBAL_ACCENT_COLOR_NAME = AccentColor;
				CODE_SIGN_STYLE = Automatic;
				CURRENT_PROJECT_VERSION = 1;
				DEVELOPMENT_TEAM = 6395AB75Y5;
				GENERATE_INFOPLIST_FILE = YES;
				INFOPLIST_FILE = "Pokemon Generator/Info.plist";
				INFOPLIST_KEY_UIApplicationSupportsIndirectInputEvents = YES;
				INFOPLIST_KEY_UILaunchStoryboardName = LaunchScreen;
				INFOPLIST_KEY_UIMainStoryboardFile = Main;
				INFOPLIST_KEY_UISupportedInterfaceOrientations_iPad = "UIInterfaceOrientationPortrait UIInterfaceOrientationPortraitUpsideDown UIInterfaceOrientationLandscapeLeft UIInterfaceOrientationLandscapeRight";
				INFOPLIST_KEY_UISupportedInterfaceOrientations_iPhone = "UIInterfaceOrientationPortrait UIInterfaceOrientationLandscapeLeft UIInterfaceOrientationLandscapeRight";
				LD_RUNPATH_SEARCH_PATHS = (
					"$(inherited)",
					"@executable_path/Frameworks",
				);
				MARKETING_VERSION = 1.0;
				PRODUCT_BUNDLE_IDENTIFIER = "com.medetdonmez.Pokemon-Generator";
				PRODUCT_NAME = "$(TARGET_NAME)";
				SWIFT_EMIT_LOC_STRINGS = YES;
				SWIFT_VERSION = 5.0;
				TARGETED_DEVICE_FAMILY = "1,2";
			};
			name = Debug;
		};
		B6508DC928C5F58D008A221B /* Release */ = {
			isa = XCBuildConfiguration;
			buildSettings = {
				ASSETCATALOG_COMPILER_APPICON_NAME = AppIcon;
				ASSETCATALOG_COMPILER_GLOBAL_ACCENT_COLOR_NAME = AccentColor;
				CODE_SIGN_STYLE = Automatic;
				CURRENT_PROJECT_VERSION = 1;
				DEVELOPMENT_TEAM = 6395AB75Y5;
				GENERATE_INFOPLIST_FILE = YES;
				INFOPLIST_FILE = "Pokemon Generator/Info.plist";
				INFOPLIST_KEY_UIApplicationSupportsIndirectInputEvents = YES;
				INFOPLIST_KEY_UILaunchStoryboardName = LaunchScreen;
				INFOPLIST_KEY_UIMainStoryboardFile = Main;
				INFOPLIST_KEY_UISupportedInterfaceOrientations_iPad = "UIInterfaceOrientationPortrait UIInterfaceOrientationPortraitUpsideDown UIInterfaceOrientationLandscapeLeft UIInterfaceOrientationLandscapeRight";
				INFOPLIST_KEY_UISupportedInterfaceOrientations_iPhone = "UIInterfaceOrientationPortrait UIInterfaceOrientationLandscapeLeft UIInterfaceOrientationLandscapeRight";
				LD_RUNPATH_SEARCH_PATHS = (
					"$(inherited)",
					"@executable_path/Frameworks",
				);
				MARKETING_VERSION = 1.0;
				PRODUCT_BUNDLE_IDENTIFIER = "com.medetdonmez.Pokemon-Generator";
				PRODUCT_NAME = "$(TARGET_NAME)";
				SWIFT_EMIT_LOC_STRINGS = YES;
				SWIFT_VERSION = 5.0;
				TARGETED_DEVICE_FAMILY = "1,2";
			};
			name = Release;
		};
/* End XCBuildConfiguration section */

/* Begin XCConfigurationList section */
		B6508DAE28C5F58C008A221B /* Build configuration list for PBXProject "Pokemon Generator" */ = {
			isa = XCConfigurationList;
			buildConfigurations = (
				B6508DC528C5F58D008A221B /* Debug */,
				B6508DC628C5F58D008A221B /* Release */,
			);
			defaultConfigurationIsVisible = 0;
			defaultConfigurationName = Release;
		};
		B6508DC728C5F58D008A221B /* Build configuration list for PBXNativeTarget "Pokemon Generator" */ = {
			isa = XCConfigurationList;
			buildConfigurations = (
				B6508DC828C5F58D008A221B /* Debug */,
				B6508DC928C5F58D008A221B /* Release */,
			);
			defaultConfigurationIsVisible = 0;
			defaultConfigurationName = Release;
		};
/* End XCConfigurationList section */
	};
	rootObject = B6508DAB28C5F58C008A221B /* Project object */;
}
